
Microsoft Visual Studio Solution File, Format Version 12.00
Project("{FAE04EC0-301F-11D3-BF4B-00C04F79EFBC}") = "webApiT1", "webApiT1\webApiT1.csproj", "{80036DF9-1464-4E40-BA3E-F400AD19561A}"
EndProject
Global
	GlobalSection(SolutionConfigurationPlatforms) = preSolution
		Debug|Any CPU = Debug|Any CPU
		Release|Any CPU = Release|Any CPU
	EndGlobalSection
	GlobalSection(ProjectConfigurationPlatforms) = postSolution
		{80036DF9-1464-4E40-BA3E-F400AD19561A}.Debug|Any CPU.ActiveCfg = Debug|Any CPU
		{80036DF9-1464-4E40-BA3E-F400AD19561A}.Debug|Any CPU.Build.0 = Debug|Any CPU
		{80036DF9-1464-4E40-BA3E-F400AD19561A}.Release|Any CPU.ActiveCfg = Release|Any CPU
		{80036DF9-1464-4E40-BA3E-F400AD19561A}.Release|Any CPU.Build.0 = Release|Any CPU
	EndGlobalSection
EndGlobal
